
Microsoft Visual Studio Solution File, Format Version 12.00
# Visual Studio Version 16
VisualStudioVersion = 16.0.30114.105
MinimumVisualStudioVersion = 10.0.40219.1
Project("{2150E333-8FDC-42A3-9474-1A3956D46DE8}") = "src", "src", "{AD6999F8-C37B-4C87-B2E0-6BF0B000FD5B}"
EndProject
Project("{FAE04EC0-301F-11D3-BF4B-00C04F79EFBC}") = "Lemon.Template.Domain.Shared", "src\Lemon.Template.Domain.Shared\Lemon.Template.Domain.Shared.csproj", "{AADB7457-7EA5-41A4-9BE0-63C483983E25}"
EndProject
Project("{FAE04EC0-301F-11D3-BF4B-00C04F79EFBC}") = "Lemon.Template.Domain", "src\Lemon.Template.Domain\Lemon.Template.Domain.csproj", "{6507B279-6E9E-4AD2-A4F5-1F1AC68239D3}"
EndProject
Project("{FAE04EC0-301F-11D3-BF4B-00C04F79EFBC}") = "Lemon.Template.DbMigrations", "src\Lemon.Template.DbMigrations\Lemon.Template.DbMigrations.csproj", "{BC334C13-46EF-46D2-B215-D052C856B077}"
EndProject
Project("{FAE04EC0-301F-11D3-BF4B-00C04F79EFBC}") = "Lemon.Template.EntityFrameworkCore", "src\Lemon.Template.EntityFrameworkCore\Lemon.Template.EntityFrameworkCore.csproj", "{83D6C068-35EB-47BF-A731-8800BA1106AD}"
EndProject
Project("{FAE04EC0-301F-11D3-BF4B-00C04F79EFBC}") = "Lemon.Template.EntityFrameworkCore.DbMigrations", "src\Lemon.Template.EntityFrameworkCore.DbMigrations\Lemon.Template.EntityFrameworkCore.DbMigrations.csproj", "{81FD3EDA-A2E0-45C9-B364-83775C124ECD}"
EndProject
Project("{FAE04EC0-301F-11D3-BF4B-00C04F79EFBC}") = "Lemon.Template.Application.Contracts", "src\Lemon.Template.Application.Contracts\Lemon.Template.Application.Contracts.csproj", "{3533C5E5-B7F5-41DD-8364-4C74D096ED3E}"
EndProject
Project("{FAE04EC0-301F-11D3-BF4B-00C04F79EFBC}") = "Lemon.Template.Application", "src\Lemon.Template.Application\Lemon.Template.Application.csproj", "{0DB866A5-3605-47AF-97F2-385E5598C2DA}"
EndProject
Project("{FAE04EC0-301F-11D3-BF4B-00C04F79EFBC}") = "Lemon.Template.HttpApi", "src\Lemon.Template.HttpApi\Lemon.Template.HttpApi.csproj", "{4509468D-70FC-4821-BF96-3A8C65AB056B}"
EndProject
Project("{FAE04EC0-301F-11D3-BF4B-00C04F79EFBC}") = "Lemon.Template.HttpApi.Client", "src\Lemon.Template.HttpApi.Client\Lemon.Template.HttpApi.Client.csproj", "{3E193B8E-5D66-46D0-AFD3-A4AE02B6E38E}"
EndProject
Project("{FAE04EC0-301F-11D3-BF4B-00C04F79EFBC}") = "Lemon.Template.Web", "src\Lemon.Template.Web\Lemon.Template.Web.csproj", "{E6DDE9AC-F0BE-41C5-9186-BEC480C9BF4D}"
EndProject
Project("{FAE04EC0-301F-11D3-BF4B-00C04F79EFBC}") = "Lemon.App.Core", "modules\Lemon.App.Core\Lemon.App.Core.csproj", "{A5BB652D-C3F3-4438-87C2-CAC174944582}"
EndProject
Project("{FAE04EC0-301F-11D3-BF4B-00C04F79EFBC}") = "Lemon.Template.BlazorServerApp", "src\Lemon.Template.BlazorServerApp\Lemon.Template.BlazorServerApp.csproj", "{E0BD8C23-A303-495A-9183-45EF933533C2}"
EndProject
Project("{2150E333-8FDC-42A3-9474-1A3956D46DE8}") = "modules", "modules", "{D477B6F0-7BBA-4634-92CA-DD7CDB5545E0}"
EndProject
Project("{FAE04EC0-301F-11D3-BF4B-00C04F79EFBC}") = "Lemon.App.EntityFrameworkCore", "modules\Lemon.App.EntityFrameworkCore\Lemon.App.EntityFrameworkCore.csproj", "{BA0C0600-D655-47F4-8581-81D10AA17954}"
EndProject
Project("{FAE04EC0-301F-11D3-BF4B-00C04F79EFBC}") = "Lemon.App.Domain", "modules\Lemon.App.Domain\Lemon.App.Domain.csproj", "{74BCA5A1-2715-437D-B0F3-7F9E36053944}"
EndProject
Project("{FAE04EC0-301F-11D3-BF4B-00C04F79EFBC}") = "Lemon.App.Application", "modules\Lemon.App.Application\Lemon.App.Application.csproj", "{DFBF85EA-CD67-43C4-986D-4333BAD20329}"
EndProject
Project("{FAE04EC0-301F-11D3-BF4B-00C04F79EFBC}") = "Lemon.App.Application.Contracts", "modules\Lemon.App.Application.Contracts\Lemon.App.Application.Contracts.csproj", "{FB22218C-F490-4849-BBDB-9472CB33D083}"
EndProject
Project("{FAE04EC0-301F-11D3-BF4B-00C04F79EFBC}") = "Lemon.App.Domain.Shared", "modules\Lemon.App.Domain.Shared\Lemon.App.Domain.Shared.csproj", "{C92126B2-E194-406A-98F4-2D16312120AA}"
EndProject
Project("{FAE04EC0-301F-11D3-BF4B-00C04F79EFBC}") = "Lemon.App.HttpApi", "modules\Lemon.App.HttpApi\Lemon.App.HttpApi.csproj", "{0AEAAC8C-C792-45AA-96B2-729702ABDAE1}"
EndProject
Project("{FAE04EC0-301F-11D3-BF4B-00C04F79EFBC}") = "Lemon.App.HttpApi.Client", "modules\Lemon.App.HttpApi.Client\Lemon.App.HttpApi.Client.csproj", "{95F66DB7-9153-40CA-B668-EA6126604E2A}"
EndProject
Project("{FAE04EC0-301F-11D3-BF4B-00C04F79EFBC}") = "Lemon.App.Authentication", "modules\Lemon.App.Authentication\Lemon.App.Authentication.csproj", "{C7F038AC-1B5D-4316-9C38-F4930F38BE90}"
EndProject
Project("{FAE04EC0-301F-11D3-BF4B-00C04F79EFBC}") = "Lemon.App.Mvc", "modules\Lemon.App.Mvc\Lemon.App.Mvc.csproj", "{ED3EB5AC-FB12-483E-9404-B2E243D49AA3}"
EndProject
Project("{FAE04EC0-301F-11D3-BF4B-00C04F79EFBC}") = "Lemon.App.SqlSugar", "modules\Lemon.App.SqlSugar\Lemon.App.SqlSugar.csproj", "{4ECDFDF1-9BA1-4C7C-977F-56AEFC173CEF}"
EndProject
Project("{FAE04EC0-301F-11D3-BF4B-00C04F79EFBC}") = "Lemon.App.DynamicHttpApi", "modules\Lemon.App.DynamicHttpApi\Lemon.App.DynamicHttpApi.csproj", "{A65A3936-A0BC-4808-8067-4E6740B4AD6D}"
EndProject
Global
	GlobalSection(SolutionConfigurationPlatforms) = preSolution
		Debug|Any CPU = Debug|Any CPU
		Debug|x64 = Debug|x64
		Debug|x86 = Debug|x86
		Release|Any CPU = Release|Any CPU
		Release|x64 = Release|x64
		Release|x86 = Release|x86
	EndGlobalSection
	GlobalSection(SolutionProperties) = preSolution
		HideSolutionNode = FALSE
	EndGlobalSection
	GlobalSection(ProjectConfigurationPlatforms) = postSolution
		{AADB7457-7EA5-41A4-9BE0-63C483983E25}.Debug|Any CPU.ActiveCfg = Debug|Any CPU
		{AADB7457-7EA5-41A4-9BE0-63C483983E25}.Debug|Any CPU.Build.0 = Debug|Any CPU
		{AADB7457-7EA5-41A4-9BE0-63C483983E25}.Debug|x64.ActiveCfg = Debug|Any CPU
		{AADB7457-7EA5-41A4-9BE0-63C483983E25}.Debug|x64.Build.0 = Debug|Any CPU
		{AADB7457-7EA5-41A4-9BE0-63C483983E25}.Debug|x86.ActiveCfg = Debug|Any CPU
		{AADB7457-7EA5-41A4-9BE0-63C483983E25}.Debug|x86.Build.0 = Debug|Any CPU
		{AADB7457-7EA5-41A4-9BE0-63C483983E25}.Release|Any CPU.ActiveCfg = Release|Any CPU
		{AADB7457-7EA5-41A4-9BE0-63C483983E25}.Release|Any CPU.Build.0 = Release|Any CPU
		{AADB7457-7EA5-41A4-9BE0-63C483983E25}.Release|x64.ActiveCfg = Release|Any CPU
		{AADB7457-7EA5-41A4-9BE0-63C483983E25}.Release|x64.Build.0 = Release|Any CPU
		{AADB7457-7EA5-41A4-9BE0-63C483983E25}.Release|x86.ActiveCfg = Release|Any CPU
		{AADB7457-7EA5-41A4-9BE0-63C483983E25}.Release|x86.Build.0 = Release|Any CPU
		{6507B279-6E9E-4AD2-A4F5-1F1AC68239D3}.Debug|Any CPU.ActiveCfg = Debug|Any CPU
		{6507B279-6E9E-4AD2-A4F5-1F1AC68239D3}.Debug|Any CPU.Build.0 = Debug|Any CPU
		{6507B279-6E9E-4AD2-A4F5-1F1AC68239D3}.Debug|x64.ActiveCfg = Debug|Any CPU
		{6507B279-6E9E-4AD2-A4F5-1F1AC68239D3}.Debug|x64.Build.0 = Debug|Any CPU
		{6507B279-6E9E-4AD2-A4F5-1F1AC68239D3}.Debug|x86.ActiveCfg = Debug|Any CPU
		{6507B279-6E9E-4AD2-A4F5-1F1AC68239D3}.Debug|x86.Build.0 = Debug|Any CPU
		{6507B279-6E9E-4AD2-A4F5-1F1AC68239D3}.Release|Any CPU.ActiveCfg = Release|Any CPU
		{6507B279-6E9E-4AD2-A4F5-1F1AC68239D3}.Release|Any CPU.Build.0 = Release|Any CPU
		{6507B279-6E9E-4AD2-A4F5-1F1AC68239D3}.Release|x64.ActiveCfg = Release|Any CPU
		{6507B279-6E9E-4AD2-A4F5-1F1AC68239D3}.Release|x64.Build.0 = Release|Any CPU
		{6507B279-6E9E-4AD2-A4F5-1F1AC68239D3}.Release|x86.ActiveCfg = Release|Any CPU
		{6507B279-6E9E-4AD2-A4F5-1F1AC68239D3}.Release|x86.Build.0 = Release|Any CPU
		{BC334C13-46EF-46D2-B215-D052C856B077}.Debug|Any CPU.ActiveCfg = Debug|Any CPU
		{BC334C13-46EF-46D2-B215-D052C856B077}.Debug|Any CPU.Build.0 = Debug|Any CPU
		{BC334C13-46EF-46D2-B215-D052C856B077}.Debug|x64.ActiveCfg = Debug|Any CPU
		{BC334C13-46EF-46D2-B215-D052C856B077}.Debug|x64.Build.0 = Debug|Any CPU
		{BC334C13-46EF-46D2-B215-D052C856B077}.Debug|x86.ActiveCfg = Debug|Any CPU
		{BC334C13-46EF-46D2-B215-D052C856B077}.Debug|x86.Build.0 = Debug|Any CPU
		{BC334C13-46EF-46D2-B215-D052C856B077}.Release|Any CPU.ActiveCfg = Release|Any CPU
		{BC334C13-46EF-46D2-B215-D052C856B077}.Release|Any CPU.Build.0 = Release|Any CPU
		{BC334C13-46EF-46D2-B215-D052C856B077}.Release|x64.ActiveCfg = Release|Any CPU
		{BC334C13-46EF-46D2-B215-D052C856B077}.Release|x64.Build.0 = Release|Any CPU
		{BC334C13-46EF-46D2-B215-D052C856B077}.Release|x86.ActiveCfg = Release|Any CPU
		{BC334C13-46EF-46D2-B215-D052C856B077}.Release|x86.Build.0 = Release|Any CPU
		{83D6C068-35EB-47BF-A731-8800BA1106AD}.Debug|Any CPU.ActiveCfg = Debug|Any CPU
		{83D6C068-35EB-47BF-A731-8800BA1106AD}.Debug|Any CPU.Build.0 = Debug|Any CPU
		{83D6C068-35EB-47BF-A731-8800BA1106AD}.Debug|x64.ActiveCfg = Debug|Any CPU
		{83D6C068-35EB-47BF-A731-8800BA1106AD}.Debug|x64.Build.0 = Debug|Any CPU
		{83D6C068-35EB-47BF-A731-8800BA1106AD}.Debug|x86.ActiveCfg = Debug|Any CPU
		{83D6C068-35EB-47BF-A731-8800BA1106AD}.Debug|x86.Build.0 = Debug|Any CPU
		{83D6C068-35EB-47BF-A731-8800BA1106AD}.Release|Any CPU.ActiveCfg = Release|Any CPU
		{83D6C068-35EB-47BF-A731-8800BA1106AD}.Release|Any CPU.Build.0 = Release|Any CPU
		{83D6C068-35EB-47BF-A731-8800BA1106AD}.Release|x64.ActiveCfg = Release|Any CPU
		{83D6C068-35EB-47BF-A731-8800BA1106AD}.Release|x64.Build.0 = Release|Any CPU
		{83D6C068-35EB-47BF-A731-8800BA1106AD}.Release|x86.ActiveCfg = Release|Any CPU
		{83D6C068-35EB-47BF-A731-8800BA1106AD}.Release|x86.Build.0 = Release|Any CPU
		{81FD3EDA-A2E0-45C9-B364-83775C124ECD}.Debug|Any CPU.ActiveCfg = Debug|Any CPU
		{81FD3EDA-A2E0-45C9-B364-83775C124ECD}.Debug|Any CPU.Build.0 = Debug|Any CPU
		{81FD3EDA-A2E0-45C9-B364-83775C124ECD}.Debug|x64.ActiveCfg = Debug|Any CPU
		{81FD3EDA-A2E0-45C9-B364-83775C124ECD}.Debug|x64.Build.0 = Debug|Any CPU
		{81FD3EDA-A2E0-45C9-B364-83775C124ECD}.Debug|x86.ActiveCfg = Debug|Any CPU
		{81FD3EDA-A2E0-45C9-B364-83775C124ECD}.Debug|x86.Build.0 = Debug|Any CPU
		{81FD3EDA-A2E0-45C9-B364-83775C124ECD}.Release|Any CPU.ActiveCfg = Release|Any CPU
		{81FD3EDA-A2E0-45C9-B364-83775C124ECD}.Release|Any CPU.Build.0 = Release|Any CPU
		{81FD3EDA-A2E0-45C9-B364-83775C124ECD}.Release|x64.ActiveCfg = Release|Any CPU
		{81FD3EDA-A2E0-45C9-B364-83775C124ECD}.Release|x64.Build.0 = Release|Any CPU
		{81FD3EDA-A2E0-45C9-B364-83775C124ECD}.Release|x86.ActiveCfg = Release|Any CPU
		{81FD3EDA-A2E0-45C9-B364-83775C124ECD}.Release|x86.Build.0 = Release|Any CPU
		{3533C5E5-B7F5-41DD-8364-4C74D096ED3E}.Debug|Any CPU.ActiveCfg = Debug|Any CPU
		{3533C5E5-B7F5-41DD-8364-4C74D096ED3E}.Debug|Any CPU.Build.0 = Debug|Any CPU
		{3533C5E5-B7F5-41DD-8364-4C74D096ED3E}.Debug|x64.ActiveCfg = Debug|Any CPU
		{3533C5E5-B7F5-41DD-8364-4C74D096ED3E}.Debug|x64.Build.0 = Debug|Any CPU
		{3533C5E5-B7F5-41DD-8364-4C74D096ED3E}.Debug|x86.ActiveCfg = Debug|Any CPU
		{3533C5E5-B7F5-41DD-8364-4C74D096ED3E}.Debug|x86.Build.0 = Debug|Any CPU
		{3533C5E5-B7F5-41DD-8364-4C74D096ED3E}.Release|Any CPU.ActiveCfg = Release|Any CPU
		{3533C5E5-B7F5-41DD-8364-4C74D096ED3E}.Release|Any CPU.Build.0 = Release|Any CPU
		{3533C5E5-B7F5-41DD-8364-4C74D096ED3E}.Release|x64.ActiveCfg = Release|Any CPU
		{3533C5E5-B7F5-41DD-8364-4C74D096ED3E}.Release|x64.Build.0 = Release|Any CPU
		{3533C5E5-B7F5-41DD-8364-4C74D096ED3E}.Release|x86.ActiveCfg = Release|Any CPU
		{3533C5E5-B7F5-41DD-8364-4C74D096ED3E}.Release|x86.Build.0 = Release|Any CPU
		{0DB866A5-3605-47AF-97F2-385E5598C2DA}.Debug|Any CPU.ActiveCfg = Debug|Any CPU
		{0DB866A5-3605-47AF-97F2-385E5598C2DA}.Debug|Any CPU.Build.0 = Debug|Any CPU
		{0DB866A5-3605-47AF-97F2-385E5598C2DA}.Debug|x64.ActiveCfg = Debug|Any CPU
		{0DB866A5-3605-47AF-97F2-385E5598C2DA}.Debug|x64.Build.0 = Debug|Any CPU
		{0DB866A5-3605-47AF-97F2-385E5598C2DA}.Debug|x86.ActiveCfg = Debug|Any CPU
		{0DB866A5-3605-47AF-97F2-385E5598C2DA}.Debug|x86.Build.0 = Debug|Any CPU
		{0DB866A5-3605-47AF-97F2-385E5598C2DA}.Release|Any CPU.ActiveCfg = Release|Any CPU
		{0DB866A5-3605-47AF-97F2-385E5598C2DA}.Release|Any CPU.Build.0 = Release|Any CPU
		{0DB866A5-3605-47AF-97F2-385E5598C2DA}.Release|x64.ActiveCfg = Release|Any CPU
		{0DB866A5-3605-47AF-97F2-385E5598C2DA}.Release|x64.Build.0 = Release|Any CPU
		{0DB866A5-3605-47AF-97F2-385E5598C2DA}.Release|x86.ActiveCfg = Release|Any CPU
		{0DB866A5-3605-47AF-97F2-385E5598C2DA}.Release|x86.Build.0 = Release|Any CPU
		{4509468D-70FC-4821-BF96-3A8C65AB056B}.Debug|Any CPU.ActiveCfg = Debug|Any CPU
		{4509468D-70FC-4821-BF96-3A8C65AB056B}.Debug|Any CPU.Build.0 = Debug|Any CPU
		{4509468D-70FC-4821-BF96-3A8C65AB056B}.Debug|x64.ActiveCfg = Debug|Any CPU
		{4509468D-70FC-4821-BF96-3A8C65AB056B}.Debug|x64.Build.0 = Debug|Any CPU
		{4509468D-70FC-4821-BF96-3A8C65AB056B}.Debug|x86.ActiveCfg = Debug|Any CPU
		{4509468D-70FC-4821-BF96-3A8C65AB056B}.Debug|x86.Build.0 = Debug|Any CPU
		{4509468D-70FC-4821-BF96-3A8C65AB056B}.Release|Any CPU.ActiveCfg = Release|Any CPU
		{4509468D-70FC-4821-BF96-3A8C65AB056B}.Release|Any CPU.Build.0 = Release|Any CPU
		{4509468D-70FC-4821-BF96-3A8C65AB056B}.Release|x64.ActiveCfg = Release|Any CPU
		{4509468D-70FC-4821-BF96-3A8C65AB056B}.Release|x64.Build.0 = Release|Any CPU
		{4509468D-70FC-4821-BF96-3A8C65AB056B}.Release|x86.ActiveCfg = Release|Any CPU
		{4509468D-70FC-4821-BF96-3A8C65AB056B}.Release|x86.Build.0 = Release|Any CPU
		{3E193B8E-5D66-46D0-AFD3-A4AE02B6E38E}.Debug|Any CPU.ActiveCfg = Debug|Any CPU
		{3E193B8E-5D66-46D0-AFD3-A4AE02B6E38E}.Debug|Any CPU.Build.0 = Debug|Any CPU
		{3E193B8E-5D66-46D0-AFD3-A4AE02B6E38E}.Debug|x64.ActiveCfg = Debug|Any CPU
		{3E193B8E-5D66-46D0-AFD3-A4AE02B6E38E}.Debug|x64.Build.0 = Debug|Any CPU
		{3E193B8E-5D66-46D0-AFD3-A4AE02B6E38E}.Debug|x86.ActiveCfg = Debug|Any CPU
		{3E193B8E-5D66-46D0-AFD3-A4AE02B6E38E}.Debug|x86.Build.0 = Debug|Any CPU
		{3E193B8E-5D66-46D0-AFD3-A4AE02B6E38E}.Release|Any CPU.ActiveCfg = Release|Any CPU
		{3E193B8E-5D66-46D0-AFD3-A4AE02B6E38E}.Release|Any CPU.Build.0 = Release|Any CPU
		{3E193B8E-5D66-46D0-AFD3-A4AE02B6E38E}.Release|x64.ActiveCfg = Release|Any CPU
		{3E193B8E-5D66-46D0-AFD3-A4AE02B6E38E}.Release|x64.Build.0 = Release|Any CPU
		{3E193B8E-5D66-46D0-AFD3-A4AE02B6E38E}.Release|x86.ActiveCfg = Release|Any CPU
		{3E193B8E-5D66-46D0-AFD3-A4AE02B6E38E}.Release|x86.Build.0 = Release|Any CPU
		{E6DDE9AC-F0BE-41C5-9186-BEC480C9BF4D}.Debug|Any CPU.ActiveCfg = Debug|Any CPU
		{E6DDE9AC-F0BE-41C5-9186-BEC480C9BF4D}.Debug|Any CPU.Build.0 = Debug|Any CPU
		{E6DDE9AC-F0BE-41C5-9186-BEC480C9BF4D}.Debug|x64.ActiveCfg = Debug|Any CPU
		{E6DDE9AC-F0BE-41C5-9186-BEC480C9BF4D}.Debug|x64.Build.0 = Debug|Any CPU
		{E6DDE9AC-F0BE-41C5-9186-BEC480C9BF4D}.Debug|x86.ActiveCfg = Debug|Any CPU
		{E6DDE9AC-F0BE-41C5-9186-BEC480C9BF4D}.Debug|x86.Build.0 = Debug|Any CPU
		{E6DDE9AC-F0BE-41C5-9186-BEC480C9BF4D}.Release|Any CPU.ActiveCfg = Release|Any CPU
		{E6DDE9AC-F0BE-41C5-9186-BEC480C9BF4D}.Release|Any CPU.Build.0 = Release|Any CPU
		{E6DDE9AC-F0BE-41C5-9186-BEC480C9BF4D}.Release|x64.ActiveCfg = Release|Any CPU
		{E6DDE9AC-F0BE-41C5-9186-BEC480C9BF4D}.Release|x64.Build.0 = Release|Any CPU
		{E6DDE9AC-F0BE-41C5-9186-BEC480C9BF4D}.Release|x86.ActiveCfg = Release|Any CPU
		{E6DDE9AC-F0BE-41C5-9186-BEC480C9BF4D}.Release|x86.Build.0 = Release|Any CPU
		{A5BB652D-C3F3-4438-87C2-CAC174944582}.Debug|Any CPU.ActiveCfg = Debug|Any CPU
		{A5BB652D-C3F3-4438-87C2-CAC174944582}.Debug|Any CPU.Build.0 = Debug|Any CPU
		{A5BB652D-C3F3-4438-87C2-CAC174944582}.Debug|x64.ActiveCfg = Debug|Any CPU
		{A5BB652D-C3F3-4438-87C2-CAC174944582}.Debug|x64.Build.0 = Debug|Any CPU
		{A5BB652D-C3F3-4438-87C2-CAC174944582}.Debug|x86.ActiveCfg = Debug|Any CPU
		{A5BB652D-C3F3-4438-87C2-CAC174944582}.Debug|x86.Build.0 = Debug|Any CPU
		{A5BB652D-C3F3-4438-87C2-CAC174944582}.Release|Any CPU.ActiveCfg = Release|Any CPU
		{A5BB652D-C3F3-4438-87C2-CAC174944582}.Release|Any CPU.Build.0 = Release|Any CPU
		{A5BB652D-C3F3-4438-87C2-CAC174944582}.Release|x64.ActiveCfg = Release|Any CPU
		{A5BB652D-C3F3-4438-87C2-CAC174944582}.Release|x64.Build.0 = Release|Any CPU
		{A5BB652D-C3F3-4438-87C2-CAC174944582}.Release|x86.ActiveCfg = Release|Any CPU
		{A5BB652D-C3F3-4438-87C2-CAC174944582}.Release|x86.Build.0 = Release|Any CPU
		{E0BD8C23-A303-495A-9183-45EF933533C2}.Debug|Any CPU.ActiveCfg = Debug|Any CPU
		{E0BD8C23-A303-495A-9183-45EF933533C2}.Debug|Any CPU.Build.0 = Debug|Any CPU
		{E0BD8C23-A303-495A-9183-45EF933533C2}.Debug|x64.ActiveCfg = Debug|Any CPU
		{E0BD8C23-A303-495A-9183-45EF933533C2}.Debug|x64.Build.0 = Debug|Any CPU
		{E0BD8C23-A303-495A-9183-45EF933533C2}.Debug|x86.ActiveCfg = Debug|Any CPU
		{E0BD8C23-A303-495A-9183-45EF933533C2}.Debug|x86.Build.0 = Debug|Any CPU
		{E0BD8C23-A303-495A-9183-45EF933533C2}.Release|Any CPU.ActiveCfg = Release|Any CPU
		{E0BD8C23-A303-495A-9183-45EF933533C2}.Release|Any CPU.Build.0 = Release|Any CPU
		{E0BD8C23-A303-495A-9183-45EF933533C2}.Release|x64.ActiveCfg = Release|Any CPU
		{E0BD8C23-A303-495A-9183-45EF933533C2}.Release|x64.Build.0 = Release|Any CPU
		{E0BD8C23-A303-495A-9183-45EF933533C2}.Release|x86.ActiveCfg = Release|Any CPU
		{E0BD8C23-A303-495A-9183-45EF933533C2}.Release|x86.Build.0 = Release|Any CPU
		{BA0C0600-D655-47F4-8581-81D10AA17954}.Debug|Any CPU.ActiveCfg = Debug|Any CPU
		{BA0C0600-D655-47F4-8581-81D10AA17954}.Debug|Any CPU.Build.0 = Debug|Any CPU
		{BA0C0600-D655-47F4-8581-81D10AA17954}.Debug|x64.ActiveCfg = Debug|Any CPU
		{BA0C0600-D655-47F4-8581-81D10AA17954}.Debug|x64.Build.0 = Debug|Any CPU
		{BA0C0600-D655-47F4-8581-81D10AA17954}.Debug|x86.ActiveCfg = Debug|Any CPU
		{BA0C0600-D655-47F4-8581-81D10AA17954}.Debug|x86.Build.0 = Debug|Any CPU
		{BA0C0600-D655-47F4-8581-81D10AA17954}.Release|Any CPU.ActiveCfg = Release|Any CPU
		{BA0C0600-D655-47F4-8581-81D10AA17954}.Release|Any CPU.Build.0 = Release|Any CPU
		{BA0C0600-D655-47F4-8581-81D10AA17954}.Release|x64.ActiveCfg = Release|Any CPU
		{BA0C0600-D655-47F4-8581-81D10AA17954}.Release|x64.Build.0 = Release|Any CPU
		{BA0C0600-D655-47F4-8581-81D10AA17954}.Release|x86.ActiveCfg = Release|Any CPU
		{BA0C0600-D655-47F4-8581-81D10AA17954}.Release|x86.Build.0 = Release|Any CPU
		{74BCA5A1-2715-437D-B0F3-7F9E36053944}.Debug|Any CPU.ActiveCfg = Debug|Any CPU
		{74BCA5A1-2715-437D-B0F3-7F9E36053944}.Debug|Any CPU.Build.0 = Debug|Any CPU
		{74BCA5A1-2715-437D-B0F3-7F9E36053944}.Debug|x64.ActiveCfg = Debug|Any CPU
		{74BCA5A1-2715-437D-B0F3-7F9E36053944}.Debug|x64.Build.0 = Debug|Any CPU
		{74BCA5A1-2715-437D-B0F3-7F9E36053944}.Debug|x86.ActiveCfg = Debug|Any CPU
		{74BCA5A1-2715-437D-B0F3-7F9E36053944}.Debug|x86.Build.0 = Debug|Any CPU
		{74BCA5A1-2715-437D-B0F3-7F9E36053944}.Release|Any CPU.ActiveCfg = Release|Any CPU
		{74BCA5A1-2715-437D-B0F3-7F9E36053944}.Release|Any CPU.Build.0 = Release|Any CPU
		{74BCA5A1-2715-437D-B0F3-7F9E36053944}.Release|x64.ActiveCfg = Release|Any CPU
		{74BCA5A1-2715-437D-B0F3-7F9E36053944}.Release|x64.Build.0 = Release|Any CPU
		{74BCA5A1-2715-437D-B0F3-7F9E36053944}.Release|x86.ActiveCfg = Release|Any CPU
		{74BCA5A1-2715-437D-B0F3-7F9E36053944}.Release|x86.Build.0 = Release|Any CPU
		{DFBF85EA-CD67-43C4-986D-4333BAD20329}.Debug|Any CPU.ActiveCfg = Debug|Any CPU
		{DFBF85EA-CD67-43C4-986D-4333BAD20329}.Debug|Any CPU.Build.0 = Debug|Any CPU
		{DFBF85EA-CD67-43C4-986D-4333BAD20329}.Debug|x64.ActiveCfg = Debug|Any CPU
		{DFBF85EA-CD67-43C4-986D-4333BAD20329}.Debug|x64.Build.0 = Debug|Any CPU
		{DFBF85EA-CD67-43C4-986D-4333BAD20329}.Debug|x86.ActiveCfg = Debug|Any CPU
		{DFBF85EA-CD67-43C4-986D-4333BAD20329}.Debug|x86.Build.0 = Debug|Any CPU
		{DFBF85EA-CD67-43C4-986D-4333BAD20329}.Release|Any CPU.ActiveCfg = Release|Any CPU
		{DFBF85EA-CD67-43C4-986D-4333BAD20329}.Release|Any CPU.Build.0 = Release|Any CPU
		{DFBF85EA-CD67-43C4-986D-4333BAD20329}.Release|x64.ActiveCfg = Release|Any CPU
		{DFBF85EA-CD67-43C4-986D-4333BAD20329}.Release|x64.Build.0 = Release|Any CPU
		{DFBF85EA-CD67-43C4-986D-4333BAD20329}.Release|x86.ActiveCfg = Release|Any CPU
		{DFBF85EA-CD67-43C4-986D-4333BAD20329}.Release|x86.Build.0 = Release|Any CPU
		{FB22218C-F490-4849-BBDB-9472CB33D083}.Debug|Any CPU.ActiveCfg = Debug|Any CPU
		{FB22218C-F490-4849-BBDB-9472CB33D083}.Debug|Any CPU.Build.0 = Debug|Any CPU
		{FB22218C-F490-4849-BBDB-9472CB33D083}.Debug|x64.ActiveCfg = Debug|Any CPU
		{FB22218C-F490-4849-BBDB-9472CB33D083}.Debug|x64.Build.0 = Debug|Any CPU
		{FB22218C-F490-4849-BBDB-9472CB33D083}.Debug|x86.ActiveCfg = Debug|Any CPU
		{FB22218C-F490-4849-BBDB-9472CB33D083}.Debug|x86.Build.0 = Debug|Any CPU
		{FB22218C-F490-4849-BBDB-9472CB33D083}.Release|Any CPU.ActiveCfg = Release|Any CPU
		{FB22218C-F490-4849-BBDB-9472CB33D083}.Release|Any CPU.Build.0 = Release|Any CPU
		{FB22218C-F490-4849-BBDB-9472CB33D083}.Release|x64.ActiveCfg = Release|Any CPU
		{FB22218C-F490-4849-BBDB-9472CB33D083}.Release|x64.Build.0 = Release|Any CPU
		{FB22218C-F490-4849-BBDB-9472CB33D083}.Release|x86.ActiveCfg = Release|Any CPU
		{FB22218C-F490-4849-BBDB-9472CB33D083}.Release|x86.Build.0 = Release|Any CPU
		{C92126B2-E194-406A-98F4-2D16312120AA}.Debug|Any CPU.ActiveCfg = Debug|Any CPU
		{C92126B2-E194-406A-98F4-2D16312120AA}.Debug|Any CPU.Build.0 = Debug|Any CPU
		{C92126B2-E194-406A-98F4-2D16312120AA}.Debug|x64.ActiveCfg = Debug|Any CPU
		{C92126B2-E194-406A-98F4-2D16312120AA}.Debug|x64.Build.0 = Debug|Any CPU
		{C92126B2-E194-406A-98F4-2D16312120AA}.Debug|x86.ActiveCfg = Debug|Any CPU
		{C92126B2-E194-406A-98F4-2D16312120AA}.Debug|x86.Build.0 = Debug|Any CPU
		{C92126B2-E194-406A-98F4-2D16312120AA}.Release|Any CPU.ActiveCfg = Release|Any CPU
		{C92126B2-E194-406A-98F4-2D16312120AA}.Release|Any CPU.Build.0 = Release|Any CPU
		{C92126B2-E194-406A-98F4-2D16312120AA}.Release|x64.ActiveCfg = Release|Any CPU
		{C92126B2-E194-406A-98F4-2D16312120AA}.Release|x64.Build.0 = Release|Any CPU
		{C92126B2-E194-406A-98F4-2D16312120AA}.Release|x86.ActiveCfg = Release|Any CPU
		{C92126B2-E194-406A-98F4-2D16312120AA}.Release|x86.Build.0 = Release|Any CPU
		{0AEAAC8C-C792-45AA-96B2-729702ABDAE1}.Debug|Any CPU.ActiveCfg = Debug|Any CPU
		{0AEAAC8C-C792-45AA-96B2-729702ABDAE1}.Debug|Any CPU.Build.0 = Debug|Any CPU
		{0AEAAC8C-C792-45AA-96B2-729702ABDAE1}.Debug|x64.ActiveCfg = Debug|Any CPU
		{0AEAAC8C-C792-45AA-96B2-729702ABDAE1}.Debug|x64.Build.0 = Debug|Any CPU
		{0AEAAC8C-C792-45AA-96B2-729702ABDAE1}.Debug|x86.ActiveCfg = Debug|Any CPU
		{0AEAAC8C-C792-45AA-96B2-729702ABDAE1}.Debug|x86.Build.0 = Debug|Any CPU
		{0AEAAC8C-C792-45AA-96B2-729702ABDAE1}.Release|Any CPU.ActiveCfg = Release|Any CPU
		{0AEAAC8C-C792-45AA-96B2-729702ABDAE1}.Release|Any CPU.Build.0 = Release|Any CPU
		{0AEAAC8C-C792-45AA-96B2-729702ABDAE1}.Release|x64.ActiveCfg = Release|Any CPU
		{0AEAAC8C-C792-45AA-96B2-729702ABDAE1}.Release|x64.Build.0 = Release|Any CPU
		{0AEAAC8C-C792-45AA-96B2-729702ABDAE1}.Release|x86.ActiveCfg = Release|Any CPU
		{0AEAAC8C-C792-45AA-96B2-729702ABDAE1}.Release|x86.Build.0 = Release|Any CPU
		{95F66DB7-9153-40CA-B668-EA6126604E2A}.Debug|Any CPU.ActiveCfg = Debug|Any CPU
		{95F66DB7-9153-40CA-B668-EA6126604E2A}.Debug|Any CPU.Build.0 = Debug|Any CPU
		{95F66DB7-9153-40CA-B668-EA6126604E2A}.Debug|x64.ActiveCfg = Debug|Any CPU
		{95F66DB7-9153-40CA-B668-EA6126604E2A}.Debug|x64.Build.0 = Debug|Any CPU
		{95F66DB7-9153-40CA-B668-EA6126604E2A}.Debug|x86.ActiveCfg = Debug|Any CPU
		{95F66DB7-9153-40CA-B668-EA6126604E2A}.Debug|x86.Build.0 = Debug|Any CPU
		{95F66DB7-9153-40CA-B668-EA6126604E2A}.Release|Any CPU.ActiveCfg = Release|Any CPU
		{95F66DB7-9153-40CA-B668-EA6126604E2A}.Release|Any CPU.Build.0 = Release|Any CPU
		{95F66DB7-9153-40CA-B668-EA6126604E2A}.Release|x64.ActiveCfg = Release|Any CPU
		{95F66DB7-9153-40CA-B668-EA6126604E2A}.Release|x64.Build.0 = Release|Any CPU
		{95F66DB7-9153-40CA-B668-EA6126604E2A}.Release|x86.ActiveCfg = Release|Any CPU
		{95F66DB7-9153-40CA-B668-EA6126604E2A}.Release|x86.Build.0 = Release|Any CPU
		{C7F038AC-1B5D-4316-9C38-F4930F38BE90}.Debug|Any CPU.ActiveCfg = Debug|Any CPU
		{C7F038AC-1B5D-4316-9C38-F4930F38BE90}.Debug|Any CPU.Build.0 = Debug|Any CPU
		{C7F038AC-1B5D-4316-9C38-F4930F38BE90}.Debug|x64.ActiveCfg = Debug|Any CPU
		{C7F038AC-1B5D-4316-9C38-F4930F38BE90}.Debug|x64.Build.0 = Debug|Any CPU
		{C7F038AC-1B5D-4316-9C38-F4930F38BE90}.Debug|x86.ActiveCfg = Debug|Any CPU
		{C7F038AC-1B5D-4316-9C38-F4930F38BE90}.Debug|x86.Build.0 = Debug|Any CPU
		{C7F038AC-1B5D-4316-9C38-F4930F38BE90}.Release|Any CPU.ActiveCfg = Release|Any CPU
		{C7F038AC-1B5D-4316-9C38-F4930F38BE90}.Release|Any CPU.Build.0 = Release|Any CPU
		{C7F038AC-1B5D-4316-9C38-F4930F38BE90}.Release|x64.ActiveCfg = Release|Any CPU
		{C7F038AC-1B5D-4316-9C38-F4930F38BE90}.Release|x64.Build.0 = Release|Any CPU
		{C7F038AC-1B5D-4316-9C38-F4930F38BE90}.Release|x86.ActiveCfg = Release|Any CPU
		{C7F038AC-1B5D-4316-9C38-F4930F38BE90}.Release|x86.Build.0 = Release|Any CPU
		{ED3EB5AC-FB12-483E-9404-B2E243D49AA3}.Debug|Any CPU.ActiveCfg = Debug|Any CPU
		{ED3EB5AC-FB12-483E-9404-B2E243D49AA3}.Debug|Any CPU.Build.0 = Debug|Any CPU
		{ED3EB5AC-FB12-483E-9404-B2E243D49AA3}.Debug|x64.ActiveCfg = Debug|Any CPU
		{ED3EB5AC-FB12-483E-9404-B2E243D49AA3}.Debug|x64.Build.0 = Debug|Any CPU
		{ED3EB5AC-FB12-483E-9404-B2E243D49AA3}.Debug|x86.ActiveCfg = Debug|Any CPU
		{ED3EB5AC-FB12-483E-9404-B2E243D49AA3}.Debug|x86.Build.0 = Debug|Any CPU
		{ED3EB5AC-FB12-483E-9404-B2E243D49AA3}.Release|Any CPU.ActiveCfg = Release|Any CPU
		{ED3EB5AC-FB12-483E-9404-B2E243D49AA3}.Release|Any CPU.Build.0 = Release|Any CPU
		{ED3EB5AC-FB12-483E-9404-B2E243D49AA3}.Release|x64.ActiveCfg = Release|Any CPU
		{ED3EB5AC-FB12-483E-9404-B2E243D49AA3}.Release|x64.Build.0 = Release|Any CPU
		{ED3EB5AC-FB12-483E-9404-B2E243D49AA3}.Release|x86.ActiveCfg = Release|Any CPU
		{ED3EB5AC-FB12-483E-9404-B2E243D49AA3}.Release|x86.Build.0 = Release|Any CPU
		{4ECDFDF1-9BA1-4C7C-977F-56AEFC173CEF}.Debug|Any CPU.ActiveCfg = Debug|Any CPU
		{4ECDFDF1-9BA1-4C7C-977F-56AEFC173CEF}.Debug|Any CPU.Build.0 = Debug|Any CPU
		{4ECDFDF1-9BA1-4C7C-977F-56AEFC173CEF}.Debug|x64.ActiveCfg = Debug|Any CPU
		{4ECDFDF1-9BA1-4C7C-977F-56AEFC173CEF}.Debug|x64.Build.0 = Debug|Any CPU
		{4ECDFDF1-9BA1-4C7C-977F-56AEFC173CEF}.Debug|x86.ActiveCfg = Debug|Any CPU
		{4ECDFDF1-9BA1-4C7C-977F-56AEFC173CEF}.Debug|x86.Build.0 = Debug|Any CPU
		{4ECDFDF1-9BA1-4C7C-977F-56AEFC173CEF}.Release|Any CPU.ActiveCfg = Release|Any CPU
		{4ECDFDF1-9BA1-4C7C-977F-56AEFC173CEF}.Release|Any CPU.Build.0 = Release|Any CPU
		{4ECDFDF1-9BA1-4C7C-977F-56AEFC173CEF}.Release|x64.ActiveCfg = Release|Any CPU
		{4ECDFDF1-9BA1-4C7C-977F-56AEFC173CEF}.Release|x64.Build.0 = Release|Any CPU
		{4ECDFDF1-9BA1-4C7C-977F-56AEFC173CEF}.Release|x86.ActiveCfg = Release|Any CPU
		{4ECDFDF1-9BA1-4C7C-977F-56AEFC173CEF}.Release|x86.Build.0 = Release|Any CPU
		{A65A3936-A0BC-4808-8067-4E6740B4AD6D}.Debug|Any CPU.ActiveCfg = Debug|Any CPU
		{A65A3936-A0BC-4808-8067-4E6740B4AD6D}.Debug|Any CPU.Build.0 = Debug|Any CPU
		{A65A3936-A0BC-4808-8067-4E6740B4AD6D}.Debug|x64.ActiveCfg = Debug|Any CPU
		{A65A3936-A0BC-4808-8067-4E6740B4AD6D}.Debug|x64.Build.0 = Debug|Any CPU
		{A65A3936-A0BC-4808-8067-4E6740B4AD6D}.Debug|x86.ActiveCfg = Debug|Any CPU
		{A65A3936-A0BC-4808-8067-4E6740B4AD6D}.Debug|x86.Build.0 = Debug|Any CPU
		{A65A3936-A0BC-4808-8067-4E6740B4AD6D}.Release|Any CPU.ActiveCfg = Release|Any CPU
		{A65A3936-A0BC-4808-8067-4E6740B4AD6D}.Release|Any CPU.Build.0 = Release|Any CPU
		{A65A3936-A0BC-4808-8067-4E6740B4AD6D}.Release|x64.ActiveCfg = Release|Any CPU
		{A65A3936-A0BC-4808-8067-4E6740B4AD6D}.Release|x64.Build.0 = Release|Any CPU
		{A65A3936-A0BC-4808-8067-4E6740B4AD6D}.Release|x86.ActiveCfg = Release|Any CPU
		{A65A3936-A0BC-4808-8067-4E6740B4AD6D}.Release|x86.Build.0 = Release|Any CPU
	EndGlobalSection
	GlobalSection(NestedProjects) = preSolution
		{AADB7457-7EA5-41A4-9BE0-63C483983E25} = {AD6999F8-C37B-4C87-B2E0-6BF0B000FD5B}
		{6507B279-6E9E-4AD2-A4F5-1F1AC68239D3} = {AD6999F8-C37B-4C87-B2E0-6BF0B000FD5B}
		{BC334C13-46EF-46D2-B215-D052C856B077} = {AD6999F8-C37B-4C87-B2E0-6BF0B000FD5B}
		{83D6C068-35EB-47BF-A731-8800BA1106AD} = {AD6999F8-C37B-4C87-B2E0-6BF0B000FD5B}
		{81FD3EDA-A2E0-45C9-B364-83775C124ECD} = {AD6999F8-C37B-4C87-B2E0-6BF0B000FD5B}
		{3533C5E5-B7F5-41DD-8364-4C74D096ED3E} = {AD6999F8-C37B-4C87-B2E0-6BF0B000FD5B}
		{0DB866A5-3605-47AF-97F2-385E5598C2DA} = {AD6999F8-C37B-4C87-B2E0-6BF0B000FD5B}
		{4509468D-70FC-4821-BF96-3A8C65AB056B} = {AD6999F8-C37B-4C87-B2E0-6BF0B000FD5B}
		{3E193B8E-5D66-46D0-AFD3-A4AE02B6E38E} = {AD6999F8-C37B-4C87-B2E0-6BF0B000FD5B}
		{E6DDE9AC-F0BE-41C5-9186-BEC480C9BF4D} = {AD6999F8-C37B-4C87-B2E0-6BF0B000FD5B}
		{A5BB652D-C3F3-4438-87C2-CAC174944582} = {D477B6F0-7BBA-4634-92CA-DD7CDB5545E0}
		{E0BD8C23-A303-495A-9183-45EF933533C2} = {AD6999F8-C37B-4C87-B2E0-6BF0B000FD5B}
		{BA0C0600-D655-47F4-8581-81D10AA17954} = {D477B6F0-7BBA-4634-92CA-DD7CDB5545E0}
		{74BCA5A1-2715-437D-B0F3-7F9E36053944} = {D477B6F0-7BBA-4634-92CA-DD7CDB5545E0}
		{DFBF85EA-CD67-43C4-986D-4333BAD20329} = {D477B6F0-7BBA-4634-92CA-DD7CDB5545E0}
		{FB22218C-F490-4849-BBDB-9472CB33D083} = {D477B6F0-7BBA-4634-92CA-DD7CDB5545E0}
		{C92126B2-E194-406A-98F4-2D16312120AA} = {D477B6F0-7BBA-4634-92CA-DD7CDB5545E0}
		{0AEAAC8C-C792-45AA-96B2-729702ABDAE1} = {D477B6F0-7BBA-4634-92CA-DD7CDB5545E0}
		{95F66DB7-9153-40CA-B668-EA6126604E2A} = {D477B6F0-7BBA-4634-92CA-DD7CDB5545E0}
		{C7F038AC-1B5D-4316-9C38-F4930F38BE90} = {D477B6F0-7BBA-4634-92CA-DD7CDB5545E0}
		{ED3EB5AC-FB12-483E-9404-B2E243D49AA3} = {D477B6F0-7BBA-4634-92CA-DD7CDB5545E0}
		{4ECDFDF1-9BA1-4C7C-977F-56AEFC173CEF} = {D477B6F0-7BBA-4634-92CA-DD7CDB5545E0}
		{A65A3936-A0BC-4808-8067-4E6740B4AD6D} = {D477B6F0-7BBA-4634-92CA-DD7CDB5545E0}
	EndGlobalSection
EndGlobal
